
Microsoft Visual Studio Solution File, Format Version 12.00
# Visual Studio Version 17
VisualStudioVersion = 17.5.33424.131
MinimumVisualStudioVersion = 10.0.40219.1
Project("{9A19103F-16F7-4668-BE54-9A1E7A4F7556}") = "IntelliDoc_API", "IntelliDoc_API\IntelliDoc_API.csproj", "{8ACA4D4E-EB9E-44C7-9041-D56A3B532D14}"
EndProject
Global
	GlobalSection(SolutionConfigurationPlatforms) = preSolution
		Debug|Any CPU = Debug|Any CPU
		Release|Any CPU = Release|Any CPU
	EndGlobalSection
	GlobalSection(ProjectConfigurationPlatforms) = postSolution
		{8ACA4D4E-EB9E-44C7-9041-D56A3B532D14}.Debug|Any CPU.ActiveCfg = Debug|Any CPU
		{8ACA4D4E-EB9E-44C7-9041-D56A3B532D14}.Debug|Any CPU.Build.0 = Debug|Any CPU
		{8ACA4D4E-EB9E-44C7-9041-D56A3B532D14}.Release|Any CPU.ActiveCfg = Release|Any CPU
		{8ACA4D4E-EB9E-44C7-9041-D56A3B532D14}.Release|Any CPU.Build.0 = Release|Any CPU
	EndGlobalSection
	GlobalSection(SolutionProperties) = preSolution
		HideSolutionNode = FALSE
	EndGlobalSection
	GlobalSection(ExtensibilityGlobals) = postSolution
		SolutionGuid = {8F4DB859-E7FA-4872-B9AD-2F9E345090DE}
	EndGlobalSection
EndGlobal
